
Microsoft Visual Studio Solution File, Format Version 11.00
# Visual Studio 2010
Project("{FAE04EC0-301F-11D3-BF4B-00C04F79EFBC}") = "QuestTracker", "QuestTracker\QuestTracker.csproj", "{87CE7A59-E994-4C3D-8EEC-E4EAA2E9B528}"
EndProject
Project("{FAE04EC0-301F-11D3-BF4B-00C04F79EFBC}") = "QuestTracker.QuestControls", "QuestTracker.QuestControls\QuestTracker.QuestControls.csproj", "{6E42ED83-E92F-4984-A828-DBCFDB01C88F}"
EndProject
Project("{FAE04EC0-301F-11D3-BF4B-00C04F79EFBC}") = "QuestTracker.Data", "QuestTracker.Data\QuestTracker.Data.csproj", "{1F0F5DE9-AFE9-4E48-9A78-760451C71635}"
EndProject
Project("{FAE04EC0-301F-11D3-BF4B-00C04F79EFBC}") = "QuestTracker.IO", "QuestTracker.IO\QuestTracker.IO.csproj", "{5408CE40-88C8-44D9-8426-0146D908B946}"
EndProject
Global
	GlobalSection(SolutionConfigurationPlatforms) = preSolution
		Debug|Any CPU = Debug|Any CPU
		Release|Any CPU = Release|Any CPU
	EndGlobalSection
	GlobalSection(ProjectConfigurationPlatforms) = postSolution
		{87CE7A59-E994-4C3D-8EEC-E4EAA2E9B528}.Debug|Any CPU.ActiveCfg = Debug|Any CPU
		{87CE7A59-E994-4C3D-8EEC-E4EAA2E9B528}.Debug|Any CPU.Build.0 = Debug|Any CPU
		{87CE7A59-E994-4C3D-8EEC-E4EAA2E9B528}.Release|Any CPU.ActiveCfg = Release|Any CPU
		{87CE7A59-E994-4C3D-8EEC-E4EAA2E9B528}.Release|Any CPU.Build.0 = Release|Any CPU
		{6E42ED83-E92F-4984-A828-DBCFDB01C88F}.Debug|Any CPU.ActiveCfg = Debug|Any CPU
		{6E42ED83-E92F-4984-A828-DBCFDB01C88F}.Debug|Any CPU.Build.0 = Debug|Any CPU
		{6E42ED83-E92F-4984-A828-DBCFDB01C88F}.Release|Any CPU.ActiveCfg = Release|Any CPU
		{6E42ED83-E92F-4984-A828-DBCFDB01C88F}.Release|Any CPU.Build.0 = Release|Any CPU
		{1F0F5DE9-AFE9-4E48-9A78-760451C71635}.Debug|Any CPU.ActiveCfg = Debug|Any CPU
		{1F0F5DE9-AFE9-4E48-9A78-760451C71635}.Debug|Any CPU.Build.0 = Debug|Any CPU
		{1F0F5DE9-AFE9-4E48-9A78-760451C71635}.Release|Any CPU.ActiveCfg = Release|Any CPU
		{1F0F5DE9-AFE9-4E48-9A78-760451C71635}.Release|Any CPU.Build.0 = Release|Any CPU
		{5408CE40-88C8-44D9-8426-0146D908B946}.Debug|Any CPU.ActiveCfg = Debug|Any CPU
		{5408CE40-88C8-44D9-8426-0146D908B946}.Debug|Any CPU.Build.0 = Debug|Any CPU
		{5408CE40-88C8-44D9-8426-0146D908B946}.Release|Any CPU.ActiveCfg = Release|Any CPU
		{5408CE40-88C8-44D9-8426-0146D908B946}.Release|Any CPU.Build.0 = Release|Any CPU
	EndGlobalSection
	GlobalSection(SolutionProperties) = preSolution
		HideSolutionNode = FALSE
	EndGlobalSection
EndGlobal
